// !$*UTF8*$!
{
	archiveVersion = 1;
	classes = {
	};
	objectVersion = 50;
	objects = {

/* Begin PBXBuildFile section */
		25CE1AA021B777300000EC3D /* AppDelegate.m in Sources */ = {isa = PBXBuildFile; fileRef = 25CE1A9F21B777300000EC3D /* AppDelegate.m */; };
		25CE1AA321B777300000EC3D /* ViewController.m in Sources */ = {isa = PBXBuildFile; fileRef = 25CE1AA221B777300000EC3D /* ViewController.m */; };
		25CE1AA621B777300000EC3D /* Main.storyboard in Resources */ = {isa = PBXBuildFile; fileRef = 25CE1AA421B777300000EC3D /* Main.storyboard */; };
		25CE1AA821B777310000EC3D /* Assets.xcassets in Resources */ = {isa = PBXBuildFile; fileRef = 25CE1AA721B777310000EC3D /* Assets.xcassets */; };
		25CE1AAB21B777310000EC3D /* LaunchScreen.storyboard in Resources */ = {isa = PBXBuildFile; fileRef = 25CE1AA921B777310000EC3D /* LaunchScreen.storyboard */; };
		25CE1AAE21B777310000EC3D /* main.m in Sources */ = {isa = PBXBuildFile; fileRef = 25CE1AAD21B777310000EC3D /* main.m */; };
		25CE1ABA21B796A10000EC3D /* Log.m in Sources */ = {isa = PBXBuildFile; fileRef = 25CE1AB921B796A10000EC3D /* Log.m */; };
/* End PBXBuildFile section */

/* Begin PBXFileReference section */
		25CE1A9B21B777300000EC3D /* RephontilLogLib.app */ = {isa = PBXFileReference; explicitFileType = wrapper.application; includeInIndex = 0; path = RephontilLogLib.app; sourceTree = BUILT_PRODUCTS_DIR; };
		25CE1A9E21B777300000EC3D /* AppDelegate.h */ = {isa = PBXFileReference; lastKnownFileType = sourcecode.c.h; path = AppDelegate.h; sourceTree = "<group>"; };
		25CE1A9F21B777300000EC3D /* AppDelegate.m */ = {isa = PBXFileReference; lastKnownFileType = sourcecode.c.objc; path = AppDelegate.m; sourceTree = "<group>"; };
		25CE1AA121B777300000EC3D /* ViewController.h */ = {isa = PBXFileReference; lastKnownFileType = sourcecode.c.h; path = ViewController.h; sourceTree = "<group>"; };
		25CE1AA221B777300000EC3D /* ViewController.m */ = {isa = PBXFileReference; lastKnownFileType = sourcecode.c.objc; path = ViewController.m; sourceTree = "<group>"; };
		25CE1AA521B777300000EC3D /* Base */ = {isa = PBXFileReference; lastKnownFileType = file.storyboard; name = Base; path = Base.lproj/Main.storyboard; sourceTree = "<group>"; };
		25CE1AA721B777310000EC3D /* Assets.xcassets */ = {isa = PBXFileReference; lastKnownFileType = folder.assetcatalog; path = Assets.xcassets; sourceTree = "<group>"; };
		25CE1AAA21B777310000EC3D /* Base */ = {isa = PBXFileReference; lastKnownFileType = file.storyboard; name = Base; path = Base.lproj/LaunchScreen.storyboard; sourceTree = "<group>"; };
		25CE1AAC21B777310000EC3D /* Info.plist */ = {isa = PBXFileReference; lastKnownFileType = text.plist.xml; path = Info.plist; sourceTree = "<group>"; };
		25CE1AAD21B777310000EC3D /* main.m */ = {isa = PBXFileReference; lastKnownFileType = sourcecode.c.objc; path = main.m; sourceTree = "<group>"; };
		25CE1AB821B796A10000EC3D /* Log.h */ = {isa = PBXFileReference; lastKnownFileType = sourcecode.c.h; path = Log.h; sourceTree = "<group>"; };
		25CE1AB921B796A10000EC3D /* Log.m */ = {isa = PBXFileReference; lastKnownFileType = sourcecode.c.objc; path = Log.m; sourceTree = "<group>"; };
/* End PBXFileReference section */

/* Begin PBXFrameworksBuildPhase section */
		25CE1A9821B777300000EC3D /* Frameworks */ = {
			isa = PBXFrameworksBuildPhase;
			buildActionMask = 2147483647;
			files = (
			);
			runOnlyForDeploymentPostprocessing = 0;
		};
/* End PBXFrameworksBuildPhase section */

/* Begin PBXGroup section */
		25CE1A9221B777300000EC3D = {
			isa = PBXGroup;
			children = (
				25CE1A9D21B777300000EC3D /* RephontilLogLib */,
				25CE1A9C21B777300000EC3D /* Products */,
			);
			sourceTree = "<group>";
		};
		25CE1A9C21B777300000EC3D /* Products */ = {
			isa = PBXGroup;
			children = (
				25CE1A9B21B777300000EC3D /* RephontilLogLib.app */,
			);
			name = Products;
			sourceTree = "<group>";
		};
		25CE1A9D21B777300000EC3D /* RephontilLogLib */ = {
			isa = PBXGroup;
			children = (
				25CE1AB421B7967C0000EC3D /* Classes */,
				25CE1A9E21B777300000EC3D /* AppDelegate.h */,
				25CE1A9F21B777300000EC3D /* AppDelegate.m */,
				25CE1AA121B777300000EC3D /* ViewController.h */,
				25CE1AA221B777300000EC3D /* ViewController.m */,
				25CE1AA421B777300000EC3D /* Main.storyboard */,
				25CE1AA721B777310000EC3D /* Assets.xcassets */,
				25CE1AA921B777310000EC3D /* LaunchScreen.storyboard */,
				25CE1AAC21B777310000EC3D /* Info.plist */,
				25CE1AAD21B777310000EC3D /* main.m */,
			);
			path = RephontilLogLib;
			sourceTree = "<group>";
		};
		25CE1AB421B7967C0000EC3D /* Classes */ = {
			isa = PBXGroup;
			children = (
				25CE1AB821B796A10000EC3D /* Log.h */,
				25CE1AB921B796A10000EC3D /* Log.m */,
			);
			name = Classes;
			path = ../../Classes;
			sourceTree = "<group>";
		};
/* End PBXGroup section */

/* Begin PBXNativeTarget section */
		25CE1A9A21B777300000EC3D /* RephontilLogLib */ = {
			isa = PBXNativeTarget;
			buildConfigurationList = 25CE1AB121B777310000EC3D /* Build configuration list for PBXNativeTarget "RephontilLogLib" */;
			buildPhases = (
				25CE1A9721B777300000EC3D /* Sources */,
				25CE1A9821B777300000EC3D /* Frameworks */,
				25CE1A9921B777300000EC3D /* Resources */,
			);
			buildRules = (
			);
			dependencies = (
			);
			name = RephontilLogLib;
			productName = RephontilLogLib;
			productReference = 25CE1A9B21B777300000EC3D /* RephontilLogLib.app */;
			productType = "com.apple.product-type.application";
		};
/* End PBXNativeTarget section */

/* Begin PBXProject section */
		25CE1A9321B777300000EC3D /* Project object */ = {
			isa = PBXProject;
			attributes = {
				LastUpgradeCheck = 1010;
				ORGANIZATIONNAME = Rephontil.Zhou;
				TargetAttributes = {
					25CE1A9A21B777300000EC3D = {
						CreatedOnToolsVersion = 10.1;
					};
				};
			};
			buildConfigurationList = 25CE1A9621B777300000EC3D /* Build configuration list for PBXProject "RephontilLogLib" */;
			compatibilityVersion = "Xcode 9.3";
			developmentRegion = en;
			hasScannedForEncodings = 0;
			knownRegions = (
				en,
				Base,
			);
			mainGroup = 25CE1A9221B777300000EC3D;
			productRefGroup = 25CE1A9C21B777300000EC3D /* Products */;
			projectDirPath = "";
			projectRoot = "";
			targets = (
				25CE1A9A21B777300000EC3D /* RephontilLogLib */,
			);
		};
/* End PBXProject section */

/* Begin PBXResourcesBuildPhase section */
		25CE1A9921B777300000EC3D /* Resources */ = {
			isa = PBXResourcesBuildPhase;
			buildActionMask = 2147483647;
			files = (
				25CE1AAB21B777310000EC3D /* LaunchScreen.storyboard in Resources */,
				25CE1AA821B777310000EC3D /* Assets.xcassets in Resources */,
				25CE1AA621B777300000EC3D /* Main.storyboard in Resources */,
			);
			runOnlyForDeploymentPostprocessing = 0;
		};
/* End PBXResourcesBuildPhase section */

/* Begin PBXSourcesBuildPhase section */
		25CE1A9721B777300000EC3D /* Sources */ = {
			isa = PBXSourcesBuildPhase;
			buildActionMask = 2147483647;
			files = (
				25CE1AA321B777300000EC3D /* ViewController.m in Sources */,
				25CE1ABA21B796A10000EC3D /* Log.m in Sources */,
				25CE1AAE21B777310000EC3D /* main.m in Sources */,
				25CE1AA021B777300000EC3D /* AppDelegate.m in Sources */,
			);
			runOnlyForDeploymentPostprocessing = 0;
		};
/* End PBXSourcesBuildPhase section */

/* Begin PBXVariantGroup section */
		25CE1AA421B777300000EC3D /* Main.storyboard */ = {
			isa = PBXVariantGroup;
			children = (
				25CE1AA521B777300000EC3D /* Base */,
			);
			name = Main.storyboard;
			sourceTree = "<group>";
		};
		25CE1AA921B777310000EC3D /* LaunchScreen.storyboard */ = {
			isa = PBXVariantGroup;
			children = (
				25CE1AAA21B777310000EC3D /* Base */,
			);
			name = LaunchScreen.storyboard;
			sourceTree = "<group>";
		};
/* End PBXVariantGroup section */

/* Begin XCBuildConfiguration section */
		25CE1AAF21B777310000EC3D /* Debug */ = {
			isa = XCBuildConfiguration;
			buildSettings = {
				ALWAYS_SEARCH_USER_PATHS = NO;
				CLANG_ANALYZER_NONNULL = YES;
				CLANG_ANALYZER_NUMBER_OBJECT_CONVERSION = YES_AGGRESSIVE;
				CLANG_CXX_LANGUAGE_STANDARD = "gnu++14";
				CLANG_CXX_LIBRARY = "libc++";
				CLANG_ENABLE_MODULES = YES;
				CLANG_ENABLE_OBJC_ARC = YES;
				CLANG_ENABLE_OBJC_WEAK = YES;
				CLANG_WARN_BLOCK_CAPTURE_AUTORELEASING = YES;
				CLANG_WARN_BOOL_CONVERSION = YES;
				CLANG_WARN_COMMA = YES;
				CLANG_WARN_CONSTANT_CONVERSION = YES;
				CLANG_WARN_DEPRECATED_OBJC_IMPLEMENTATIONS = YES;
				CLANG_WARN_DIRECT_OBJC_ISA_USAGE = YES_ERROR;
				CLANG_WARN_DOCUMENTATION_COMMENTS = YES;
				CLANG_WARN_EMPTY_BODY = YES;
				CLANG_WARN_ENUM_CONVERSION = YES;
				CLANG_WARN_INFINITE_RECURSION = YES;
				CLANG_WARN_INT_CONVERSION = YES;
				CLANG_WARN_NON_LITERAL_NULL_CONVERSION = YES;
				CLANG_WARN_OBJC_IMPLICIT_RETAIN_SELF = YES;
				CLANG_WARN_OBJC_LITERAL_CONVERSION = YES;
				CLANG_WARN_OBJC_ROOT_CLASS = YES_ERROR;
				CLANG_WARN_RANGE_LOOP_ANALYSIS = YES;
				CLANG_WARN_STRICT_PROTOTYPES = YES;
				CLANG_WARN_SUSPICIOUS_MOVE = YES;
				CLANG_WARN_UNGUARDED_AVAILABILITY = YES_AGGRESSIVE;
				CLANG_WARN_UNREACHABLE_CODE = YES;
				CLANG_WARN__DUPLICATE_METHOD_MATCH = YES;
				CODE_SIGN_IDENTITY = "iPhone Developer";
				COPY_PHASE_STRIP = NO;
				DEBUG_INFORMATION_FORMAT = dwarf;
				ENABLE_STRICT_OBJC_MSGSEND = YES;
				ENABLE_TESTABILITY = YES;
				GCC_C_LANGUAGE_STANDARD = gnu11;
				GCC_DYNAMIC_NO_PIC = NO;
				GCC_NO_COMMON_BLOCKS = YES;
				GCC_OPTIMIZATION_LEVEL = 0;
				GCC_PREPROCESSOR_DEFINITIONS = (
					"DEBUG=1",
					"$(inherited)",
				);
				GCC_WARN_64_TO_32_BIT_CONVERSION = YES;
				GCC_WARN_ABOUT_RETURN_TYPE = YES_ERROR;
				GCC_WARN_UNDECLARED_SELECTOR = YES;
				GCC_WARN_UNINITIALIZED_AUTOS = YES_AGGRESSIVE;
				GCC_WARN_UNUSED_FUNCTION = YES;
				GCC_WARN_UNUSED_VARIABLE = YES;
				IPHONEOS_DEPLOYMENT_TARGET = 12.1;
				MTL_ENABLE_DEBUG_INFO = INCLUDE_SOURCE;
				MTL_FAST_MATH = YES;
				ONLY_ACTIVE_ARCH = YES;
				SDKROOT = iphoneos;
			};
			name = Debug;
		};
		25CE1AB021B777310000EC3D /* Release */ = {
			isa = XCBuildConfiguration;
			buildSettings = {
				ALWAYS_SEARCH_USER_PATHS = NO;
				CLANG_ANALYZER_NONNULL = YES;
				CLANG_ANALYZER_NUMBER_OBJECT_CONVERSION = YES_AGGRESSIVE;
				CLANG_CXX_LANGUAGE_STANDARD = "gnu++14";
				CLANG_CXX_LIBRARY = "libc++";
				CLANG_ENABLE_MODULES = YES;
				CLANG_ENABLE_OBJC_ARC = YES;
				CLANG_ENABLE_OBJC_WEAK = YES;
				CLANG_WARN_BLOCK_CAPTURE_AUTORELEASING = YES;
				CLANG_WARN_BOOL_CONVERSION = YES;
				CLANG_WARN_COMMA = YES;
				CLANG_WARN_CONSTANT_CONVERSION = YES;
				CLANG_WARN_DEPRECATED_OBJC_IMPLEMENTATIONS = YES;
				CLANG_WARN_DIRECT_OBJC_ISA_USAGE = YES_ERROR;
				CLANG_WARN_DOCUMENTATION_COMMENTS = YES;
				CLANG_WARN_EMPTY_BODY = YES;
				CLANG_WARN_ENUM_CONVERSION = YES;
				CLANG_WARN_INFINITE_RECURSION = YES;
				CLANG_WARN_INT_CONVERSION = YES;
				CLANG_WARN_NON_LITERAL_NULL_CONVERSION = YES;
				CLANG_WARN_OBJC_IMPLICIT_RETAIN_SELF = YES;
				CLANG_WARN_OBJC_LITERAL_CONVERSION = YES;
				CLANG_WARN_OBJC_ROOT_CLASS = YES_ERROR;
				CLANG_WARN_RANGE_LOOP_ANALYSIS = YES;
				CLANG_WARN_STRICT_PROTOTYPES = YES;
				CLANG_WARN_SUSPICIOUS_MOVE = YES;
				CLANG_WARN_UNGUARDED_AVAILABILITY = YES_AGGRESSIVE;
				CLANG_WARN_UNREACHABLE_CODE = YES;
				CLANG_WARN__DUPLICATE_METHOD_MATCH = YES;
				CODE_SIGN_IDENTITY = "iPhone Developer";
				COPY_PHASE_STRIP = NO;
				DEBUG_INFORMATION_FORMAT = "dwarf-with-dsym";
				ENABLE_NS_ASSERTIONS = NO;
				ENABLE_STRICT_OBJC_MSGSEND = YES;
				GCC_C_LANGUAGE_STANDARD = gnu11;
				GCC_NO_COMMON_BLOCKS = YES;
				GCC_WARN_64_TO_32_BIT_CONVERSION = YES;
				GCC_WARN_ABOUT_RETURN_TYPE = YES_ERROR;
				GCC_WARN_UNDECLARED_SELECTOR = YES;
				GCC_WARN_UNINITIALIZED_AUTOS = YES_AGGRESSIVE;
				GCC_WARN_UNUSED_FUNCTION = YES;
				GCC_WARN_UNUSED_VARIABLE = YES;
				IPHONEOS_DEPLOYMENT_TARGET = 12.1;
				MTL_ENABLE_DEBUG_INFO = NO;
				MTL_FAST_MATH = YES;
				SDKROOT = iphoneos;
				VALIDATE_PRODUCT = YES;
			};
			name = Release;
		};
		25CE1AB221B777310000EC3D /* Debug */ = {
			isa = XCBuildConfiguration;
			buildSettings = {
				ASSETCATALOG_COMPILER_APPICON_NAME = AppIcon;
				CODE_SIGN_STYLE = Automatic;
				INFOPLIST_FILE = RephontilLogLib/Info.plist;
				LD_RUNPATH_SEARCH_PATHS = (
					"$(inherited)",
					"@executable_path/Frameworks",
				);
				PRODUCT_BUNDLE_IDENTIFIER = Rephontil.RephontilLogLib;
				PRODUCT_NAME = "$(TARGET_NAME)";
				TARGETED_DEVICE_FAMILY = "1,2";
			};
			name = Debug;
		};
		25CE1AB321B777310000EC3D /* Release */ = {
			isa = XCBuildConfiguration;
			buildSettings = {
				ASSETCATALOG_COMPILER_APPICON_NAME = AppIcon;
				CODE_SIGN_STYLE = Automatic;
				INFOPLIST_FILE = RephontilLogLib/Info.plist;
				LD_RUNPATH_SEARCH_PATHS = (
					"$(inherited)",
					"@executable_path/Frameworks",
				);
				PRODUCT_BUNDLE_IDENTIFIER = Rephontil.RephontilLogLib;
				PRODUCT_NAME = "$(TARGET_NAME)";
				TARGETED_DEVICE_FAMILY = "1,2";
			};
			name = Release;
		};
/* End XCBuildConfiguration section */

/* Begin XCConfigurationList section */
		25CE1A9621B777300000EC3D /* Build configuration list for PBXProject "RephontilLogLib" */ = {
			isa = XCConfigurationList;
			buildConfigurations = (
				25CE1AAF21B777310000EC3D /* Debug */,
				25CE1AB021B777310000EC3D /* Release */,
			);
			defaultConfigurationIsVisible = 0;
			defaultConfigurationName = Release;
		};
		25CE1AB121B777310000EC3D /* Build configuration list for PBXNativeTarget "RephontilLogLib" */ = {
			isa = XCConfigurationList;
			buildConfigurations = (
				25CE1AB221B777310000EC3D /* Debug */,
				25CE1AB321B777310000EC3D /* Release */,
			);
			defaultConfigurationIsVisible = 0;
			defaultConfigurationName = Release;
		};
/* End XCConfigurationList section */
	};
	rootObject = 25CE1A9321B777300000EC3D /* Project object */;
}
